
Microsoft Visual Studio Solution File, Format Version 12.00
# Visual Studio Version 16
VisualStudioVersion = 16.0.29009.5
MinimumVisualStudioVersion = 10.0.40219.1
Project("{FAE04EC0-301F-11D3-BF4B-00C04F79EFBC}") = "ExpandableDataGridControl", "ExpandableDataGridControl\ExpandableDataGridControl.csproj", "{31E04685-D711-4BA9-BC86-9212B3CD487B}"
EndProject
Global
	GlobalSection(SolutionConfigurationPlatforms) = preSolution
		Debug|Any CPU = Debug|Any CPU
		Release|Any CPU = Release|Any CPU
	EndGlobalSection
	GlobalSection(ProjectConfigurationPlatforms) = postSolution
		{31E04685-D711-4BA9-BC86-9212B3CD487B}.Debug|Any CPU.ActiveCfg = Debug|Any CPU
		{31E04685-D711-4BA9-BC86-9212B3CD487B}.Debug|Any CPU.Build.0 = Debug|Any CPU
		{31E04685-D711-4BA9-BC86-9212B3CD487B}.Release|Any CPU.ActiveCfg = Release|Any CPU
		{31E04685-D711-4BA9-BC86-9212B3CD487B}.Release|Any CPU.Build.0 = Release|Any CPU
	EndGlobalSection
	GlobalSection(SolutionProperties) = preSolution
		HideSolutionNode = FALSE
	EndGlobalSection
	GlobalSection(ExtensibilityGlobals) = postSolution
		SolutionGuid = {5FA94A8D-0B59-408A-8DB6-7ABD727B2A64}
	EndGlobalSection
EndGlobal
